
Microsoft Visual Studio Solution File, Format Version 12.00
# Visual Studio Version 16
VisualStudioVersion = 16.0.29613.14
MinimumVisualStudioVersion = 10.0.40219.1
Project("{FAE04EC0-301F-11D3-BF4B-00C04F79EFBC}") = "RepertoireClient.old", "RepertoireClient.old\RepertoireClient.old.csproj", "{CB98DDAD-B14C-4EE5-9FB2-356826259C08}"
EndProject
Project("{FAE04EC0-301F-11D3-BF4B-00C04F79EFBC}") = "RepertoireClient", "RepertoireClient\RepertoireClient.csproj", "{120D312C-B0D4-4147-B3EA-B7355E71FBE8}"
EndProject
Global
	GlobalSection(SolutionConfigurationPlatforms) = preSolution
		Debug|Any CPU = Debug|Any CPU
		Release|Any CPU = Release|Any CPU
	EndGlobalSection
	GlobalSection(ProjectConfigurationPlatforms) = postSolution
		{CB98DDAD-B14C-4EE5-9FB2-356826259C08}.Debug|Any CPU.ActiveCfg = Debug|Any CPU
		{CB98DDAD-B14C-4EE5-9FB2-356826259C08}.Debug|Any CPU.Build.0 = Debug|Any CPU
		{CB98DDAD-B14C-4EE5-9FB2-356826259C08}.Release|Any CPU.ActiveCfg = Release|Any CPU
		{CB98DDAD-B14C-4EE5-9FB2-356826259C08}.Release|Any CPU.Build.0 = Release|Any CPU
		{120D312C-B0D4-4147-B3EA-B7355E71FBE8}.Debug|Any CPU.ActiveCfg = Debug|Any CPU
		{120D312C-B0D4-4147-B3EA-B7355E71FBE8}.Debug|Any CPU.Build.0 = Debug|Any CPU
		{120D312C-B0D4-4147-B3EA-B7355E71FBE8}.Release|Any CPU.ActiveCfg = Release|Any CPU
		{120D312C-B0D4-4147-B3EA-B7355E71FBE8}.Release|Any CPU.Build.0 = Release|Any CPU
	EndGlobalSection
	GlobalSection(SolutionProperties) = preSolution
		HideSolutionNode = FALSE
	EndGlobalSection
	GlobalSection(ExtensibilityGlobals) = postSolution
		SolutionGuid = {E784D296-DB5B-49B4-96F5-198C5A903A51}
	EndGlobalSection
EndGlobal
